
Microsoft Visual Studio Solution File, Format Version 12.00
# Visual Studio 15
VisualStudioVersion = 15.0.27703.2042
MinimumVisualStudioVersion = 10.0.40219.1
Project("{FAE04EC0-301F-11D3-BF4B-00C04F79EFBC}") = "Grading V1", "Grading V1\Grading V1.csproj", "{28876DB0-35E4-41A0-AA44-62A779694302}"
EndProject
Global
	GlobalSection(SolutionConfigurationPlatforms) = preSolution
		Debug|Any CPU = Debug|Any CPU
		Release|Any CPU = Release|Any CPU
	EndGlobalSection
	GlobalSection(ProjectConfigurationPlatforms) = postSolution
		{28876DB0-35E4-41A0-AA44-62A779694302}.Debug|Any CPU.ActiveCfg = Debug|Any CPU
		{28876DB0-35E4-41A0-AA44-62A779694302}.Debug|Any CPU.Build.0 = Debug|Any CPU
		{28876DB0-35E4-41A0-AA44-62A779694302}.Release|Any CPU.ActiveCfg = Release|Any CPU
		{28876DB0-35E4-41A0-AA44-62A779694302}.Release|Any CPU.Build.0 = Release|Any CPU
	EndGlobalSection
	GlobalSection(SolutionProperties) = preSolution
		HideSolutionNode = FALSE
	EndGlobalSection
	GlobalSection(ExtensibilityGlobals) = postSolution
		SolutionGuid = {A972336F-1658-4663-9C47-739FF8C038EE}
	EndGlobalSection
EndGlobal
